
Microsoft Visual Studio Solution File, Format Version 12.00
# Visual Studio Version 17
VisualStudioVersion = 17.0.31903.59
MinimumVisualStudioVersion = 10.0.40219.1
Project("{2150E333-8FDC-42A3-9474-1A3956D46DE8}") = "src", "src", "{827E0CD3-B72D-47B6-A68D-7590B98EB39B}"
EndProject
Project("{FAE04EC0-301F-11D3-BF4B-00C04F79EFBC}") = "P2P.Core", "src\P2P.Core\P2P.Core.csproj", "{0E1C5CA6-5543-4DE7-B3D9-03C1A504E939}"
EndProject
Project("{FAE04EC0-301F-11D3-BF4B-00C04F79EFBC}") = "P2P.Nic", "src\P2P.Nic\P2P.Nic.csproj", "{090A4F81-D6D6-408E-B348-1662ACA56BCE}"
EndProject
Project("{FAE04EC0-301F-11D3-BF4B-00C04F79EFBC}") = "P2P.Server", "src\P2P.Server\P2P.Server.csproj", "{281E34A3-BD1F-4D3C-A562-6959DEB36C63}"
EndProject
Project("{FAE04EC0-301F-11D3-BF4B-00C04F79EFBC}") = "P2P.Client", "src\P2P.Client\P2P.Client.csproj", "{ED0DA785-5972-46D8-A1E3-6B5E27F55833}"
EndProject
Project("{2150E333-8FDC-42A3-9474-1A3956D46DE8}") = "tests", "tests", "{0AB3BF05-4346-4AA6-1389-037BE0695223}"
EndProject
Project("{FAE04EC0-301F-11D3-BF4B-00C04F79EFBC}") = "P2P.Core.Tests", "tests\P2P.Core.Tests\P2P.Core.Tests.csproj", "{77928A43-A148-4742-AFFB-C72FA3856F02}"
EndProject
Project("{FAE04EC0-301F-11D3-BF4B-00C04F79EFBC}") = "P2P.Server.Tests", "tests\P2P.Server.Tests\P2P.Server.Tests.csproj", "{FAB4CA63-0945-4A89-A53F-FC54E47DBDFC}"
EndProject
Project("{FAE04EC0-301F-11D3-BF4B-00C04F79EFBC}") = "P2P.Client.Tests", "tests\P2P.Client.Tests\P2P.Client.Tests.csproj", "{6D1B7C7A-732D-496A-9DE2-2F56EB8C68D7}"
EndProject
Project("{FAE04EC0-301F-11D3-BF4B-00C04F79EFBC}") = "P2P.IntegrationTests", "tests\P2P.IntegrationTests\P2P.IntegrationTests.csproj", "{042D66A3-8402-4D53-97F9-8A4BE7C2E71E}"
EndProject
Project("{FAE04EC0-301F-11D3-BF4B-00C04F79EFBC}") = "P2P.Nic.Tests", "tests\P2P.Nic.Tests\P2P.Nic.Tests.csproj", "{EDE2F98F-B8A2-45B5-9700-33FBB0838868}"
EndProject
Project("{2150E333-8FDC-42A3-9474-1A3956D46DE8}") = "Tools", "Tools", "{DCB6FCB8-FF92-AC57-0842-1F72A354D6B1}"
EndProject
Project("{FAE04EC0-301F-11D3-BF4B-00C04F79EFBC}") = "ExportTs", "src\Tools\ExportTs\ExportTs.csproj", "{6E74E67D-234D-48C2-A73C-69C5AB6DCA3B}"
EndProject
Global
	GlobalSection(SolutionConfigurationPlatforms) = preSolution
		Debug|Any CPU = Debug|Any CPU
		Debug|x64 = Debug|x64
		Debug|x86 = Debug|x86
		Release|Any CPU = Release|Any CPU
		Release|x64 = Release|x64
		Release|x86 = Release|x86
	EndGlobalSection
	GlobalSection(ProjectConfigurationPlatforms) = postSolution
		{0E1C5CA6-5543-4DE7-B3D9-03C1A504E939}.Debug|Any CPU.ActiveCfg = Debug|Any CPU
		{0E1C5CA6-5543-4DE7-B3D9-03C1A504E939}.Debug|Any CPU.Build.0 = Debug|Any CPU
		{0E1C5CA6-5543-4DE7-B3D9-03C1A504E939}.Debug|x64.ActiveCfg = Debug|Any CPU
		{0E1C5CA6-5543-4DE7-B3D9-03C1A504E939}.Debug|x64.Build.0 = Debug|Any CPU
		{0E1C5CA6-5543-4DE7-B3D9-03C1A504E939}.Debug|x86.ActiveCfg = Debug|Any CPU
		{0E1C5CA6-5543-4DE7-B3D9-03C1A504E939}.Debug|x86.Build.0 = Debug|Any CPU
		{0E1C5CA6-5543-4DE7-B3D9-03C1A504E939}.Release|Any CPU.ActiveCfg = Release|Any CPU
		{0E1C5CA6-5543-4DE7-B3D9-03C1A504E939}.Release|Any CPU.Build.0 = Release|Any CPU
		{0E1C5CA6-5543-4DE7-B3D9-03C1A504E939}.Release|x64.ActiveCfg = Release|Any CPU
		{0E1C5CA6-5543-4DE7-B3D9-03C1A504E939}.Release|x64.Build.0 = Release|Any CPU
		{0E1C5CA6-5543-4DE7-B3D9-03C1A504E939}.Release|x86.ActiveCfg = Release|Any CPU
		{0E1C5CA6-5543-4DE7-B3D9-03C1A504E939}.Release|x86.Build.0 = Release|Any CPU
		{090A4F81-D6D6-408E-B348-1662ACA56BCE}.Debug|Any CPU.ActiveCfg = Debug|Any CPU
		{090A4F81-D6D6-408E-B348-1662ACA56BCE}.Debug|Any CPU.Build.0 = Debug|Any CPU
		{090A4F81-D6D6-408E-B348-1662ACA56BCE}.Debug|x64.ActiveCfg = Debug|Any CPU
		{090A4F81-D6D6-408E-B348-1662ACA56BCE}.Debug|x64.Build.0 = Debug|Any CPU
		{090A4F81-D6D6-408E-B348-1662ACA56BCE}.Debug|x86.ActiveCfg = Debug|Any CPU
		{090A4F81-D6D6-408E-B348-1662ACA56BCE}.Debug|x86.Build.0 = Debug|Any CPU
		{090A4F81-D6D6-408E-B348-1662ACA56BCE}.Release|Any CPU.ActiveCfg = Release|Any CPU
		{090A4F81-D6D6-408E-B348-1662ACA56BCE}.Release|Any CPU.Build.0 = Release|Any CPU
		{090A4F81-D6D6-408E-B348-1662ACA56BCE}.Release|x64.ActiveCfg = Release|Any CPU
		{090A4F81-D6D6-408E-B348-1662ACA56BCE}.Release|x64.Build.0 = Release|Any CPU
		{090A4F81-D6D6-408E-B348-1662ACA56BCE}.Release|x86.ActiveCfg = Release|Any CPU
		{090A4F81-D6D6-408E-B348-1662ACA56BCE}.Release|x86.Build.0 = Release|Any CPU
		{281E34A3-BD1F-4D3C-A562-6959DEB36C63}.Debug|Any CPU.ActiveCfg = Debug|Any CPU
		{281E34A3-BD1F-4D3C-A562-6959DEB36C63}.Debug|Any CPU.Build.0 = Debug|Any CPU
		{281E34A3-BD1F-4D3C-A562-6959DEB36C63}.Debug|x64.ActiveCfg = Debug|Any CPU
		{281E34A3-BD1F-4D3C-A562-6959DEB36C63}.Debug|x64.Build.0 = Debug|Any CPU
		{281E34A3-BD1F-4D3C-A562-6959DEB36C63}.Debug|x86.ActiveCfg = Debug|Any CPU
		{281E34A3-BD1F-4D3C-A562-6959DEB36C63}.Debug|x86.Build.0 = Debug|Any CPU
		{281E34A3-BD1F-4D3C-A562-6959DEB36C63}.Release|Any CPU.ActiveCfg = Release|Any CPU
		{281E34A3-BD1F-4D3C-A562-6959DEB36C63}.Release|Any CPU.Build.0 = Release|Any CPU
		{281E34A3-BD1F-4D3C-A562-6959DEB36C63}.Release|x64.ActiveCfg = Release|Any CPU
		{281E34A3-BD1F-4D3C-A562-6959DEB36C63}.Release|x64.Build.0 = Release|Any CPU
		{281E34A3-BD1F-4D3C-A562-6959DEB36C63}.Release|x86.ActiveCfg = Release|Any CPU
		{281E34A3-BD1F-4D3C-A562-6959DEB36C63}.Release|x86.Build.0 = Release|Any CPU
		{ED0DA785-5972-46D8-A1E3-6B5E27F55833}.Debug|Any CPU.ActiveCfg = Debug|Any CPU
		{ED0DA785-5972-46D8-A1E3-6B5E27F55833}.Debug|Any CPU.Build.0 = Debug|Any CPU
		{ED0DA785-5972-46D8-A1E3-6B5E27F55833}.Debug|x64.ActiveCfg = Debug|Any CPU
		{ED0DA785-5972-46D8-A1E3-6B5E27F55833}.Debug|x64.Build.0 = Debug|Any CPU
		{ED0DA785-5972-46D8-A1E3-6B5E27F55833}.Debug|x86.ActiveCfg = Debug|Any CPU
		{ED0DA785-5972-46D8-A1E3-6B5E27F55833}.Debug|x86.Build.0 = Debug|Any CPU
		{ED0DA785-5972-46D8-A1E3-6B5E27F55833}.Release|Any CPU.ActiveCfg = Release|Any CPU
		{ED0DA785-5972-46D8-A1E3-6B5E27F55833}.Release|Any CPU.Build.0 = Release|Any CPU
		{ED0DA785-5972-46D8-A1E3-6B5E27F55833}.Release|x64.ActiveCfg = Release|Any CPU
		{ED0DA785-5972-46D8-A1E3-6B5E27F55833}.Release|x64.Build.0 = Release|Any CPU
		{ED0DA785-5972-46D8-A1E3-6B5E27F55833}.Release|x86.ActiveCfg = Release|Any CPU
		{ED0DA785-5972-46D8-A1E3-6B5E27F55833}.Release|x86.Build.0 = Release|Any CPU
		{77928A43-A148-4742-AFFB-C72FA3856F02}.Debug|Any CPU.ActiveCfg = Debug|Any CPU
		{77928A43-A148-4742-AFFB-C72FA3856F02}.Debug|Any CPU.Build.0 = Debug|Any CPU
		{77928A43-A148-4742-AFFB-C72FA3856F02}.Debug|x64.ActiveCfg = Debug|Any CPU
		{77928A43-A148-4742-AFFB-C72FA3856F02}.Debug|x64.Build.0 = Debug|Any CPU
		{77928A43-A148-4742-AFFB-C72FA3856F02}.Debug|x86.ActiveCfg = Debug|Any CPU
		{77928A43-A148-4742-AFFB-C72FA3856F02}.Debug|x86.Build.0 = Debug|Any CPU
		{77928A43-A148-4742-AFFB-C72FA3856F02}.Release|Any CPU.ActiveCfg = Release|Any CPU
		{77928A43-A148-4742-AFFB-C72FA3856F02}.Release|Any CPU.Build.0 = Release|Any CPU
		{77928A43-A148-4742-AFFB-C72FA3856F02}.Release|x64.ActiveCfg = Release|Any CPU
		{77928A43-A148-4742-AFFB-C72FA3856F02}.Release|x64.Build.0 = Release|Any CPU
		{77928A43-A148-4742-AFFB-C72FA3856F02}.Release|x86.ActiveCfg = Release|Any CPU
		{77928A43-A148-4742-AFFB-C72FA3856F02}.Release|x86.Build.0 = Release|Any CPU
		{FAB4CA63-0945-4A89-A53F-FC54E47DBDFC}.Debug|Any CPU.ActiveCfg = Debug|Any CPU
		{FAB4CA63-0945-4A89-A53F-FC54E47DBDFC}.Debug|Any CPU.Build.0 = Debug|Any CPU
		{FAB4CA63-0945-4A89-A53F-FC54E47DBDFC}.Debug|x64.ActiveCfg = Debug|Any CPU
		{FAB4CA63-0945-4A89-A53F-FC54E47DBDFC}.Debug|x64.Build.0 = Debug|Any CPU
		{FAB4CA63-0945-4A89-A53F-FC54E47DBDFC}.Debug|x86.ActiveCfg = Debug|Any CPU
		{FAB4CA63-0945-4A89-A53F-FC54E47DBDFC}.Debug|x86.Build.0 = Debug|Any CPU
		{FAB4CA63-0945-4A89-A53F-FC54E47DBDFC}.Release|Any CPU.ActiveCfg = Release|Any CPU
		{FAB4CA63-0945-4A89-A53F-FC54E47DBDFC}.Release|Any CPU.Build.0 = Release|Any CPU
		{FAB4CA63-0945-4A89-A53F-FC54E47DBDFC}.Release|x64.ActiveCfg = Release|Any CPU
		{FAB4CA63-0945-4A89-A53F-FC54E47DBDFC}.Release|x64.Build.0 = Release|Any CPU
		{FAB4CA63-0945-4A89-A53F-FC54E47DBDFC}.Release|x86.ActiveCfg = Release|Any CPU
		{FAB4CA63-0945-4A89-A53F-FC54E47DBDFC}.Release|x86.Build.0 = Release|Any CPU
		{6D1B7C7A-732D-496A-9DE2-2F56EB8C68D7}.Debug|Any CPU.ActiveCfg = Debug|Any CPU
		{6D1B7C7A-732D-496A-9DE2-2F56EB8C68D7}.Debug|Any CPU.Build.0 = Debug|Any CPU
		{6D1B7C7A-732D-496A-9DE2-2F56EB8C68D7}.Debug|x64.ActiveCfg = Debug|Any CPU
		{6D1B7C7A-732D-496A-9DE2-2F56EB8C68D7}.Debug|x64.Build.0 = Debug|Any CPU
		{6D1B7C7A-732D-496A-9DE2-2F56EB8C68D7}.Debug|x86.ActiveCfg = Debug|Any CPU
		{6D1B7C7A-732D-496A-9DE2-2F56EB8C68D7}.Debug|x86.Build.0 = Debug|Any CPU
		{6D1B7C7A-732D-496A-9DE2-2F56EB8C68D7}.Release|Any CPU.ActiveCfg = Release|Any CPU
		{6D1B7C7A-732D-496A-9DE2-2F56EB8C68D7}.Release|Any CPU.Build.0 = Release|Any CPU
		{6D1B7C7A-732D-496A-9DE2-2F56EB8C68D7}.Release|x64.ActiveCfg = Release|Any CPU
		{6D1B7C7A-732D-496A-9DE2-2F56EB8C68D7}.Release|x64.Build.0 = Release|Any CPU
		{6D1B7C7A-732D-496A-9DE2-2F56EB8C68D7}.Release|x86.ActiveCfg = Release|Any CPU
		{6D1B7C7A-732D-496A-9DE2-2F56EB8C68D7}.Release|x86.Build.0 = Release|Any CPU
		{042D66A3-8402-4D53-97F9-8A4BE7C2E71E}.Debug|Any CPU.ActiveCfg = Debug|Any CPU
		{042D66A3-8402-4D53-97F9-8A4BE7C2E71E}.Debug|Any CPU.Build.0 = Debug|Any CPU
		{042D66A3-8402-4D53-97F9-8A4BE7C2E71E}.Debug|x64.ActiveCfg = Debug|Any CPU
		{042D66A3-8402-4D53-97F9-8A4BE7C2E71E}.Debug|x64.Build.0 = Debug|Any CPU
		{042D66A3-8402-4D53-97F9-8A4BE7C2E71E}.Debug|x86.ActiveCfg = Debug|Any CPU
		{042D66A3-8402-4D53-97F9-8A4BE7C2E71E}.Debug|x86.Build.0 = Debug|Any CPU
		{042D66A3-8402-4D53-97F9-8A4BE7C2E71E}.Release|Any CPU.ActiveCfg = Release|Any CPU
		{042D66A3-8402-4D53-97F9-8A4BE7C2E71E}.Release|Any CPU.Build.0 = Release|Any CPU
		{042D66A3-8402-4D53-97F9-8A4BE7C2E71E}.Release|x64.ActiveCfg = Release|Any CPU
		{042D66A3-8402-4D53-97F9-8A4BE7C2E71E}.Release|x64.Build.0 = Release|Any CPU
		{042D66A3-8402-4D53-97F9-8A4BE7C2E71E}.Release|x86.ActiveCfg = Release|Any CPU
		{042D66A3-8402-4D53-97F9-8A4BE7C2E71E}.Release|x86.Build.0 = Release|Any CPU
		{EDE2F98F-B8A2-45B5-9700-33FBB0838868}.Debug|Any CPU.ActiveCfg = Debug|Any CPU
		{EDE2F98F-B8A2-45B5-9700-33FBB0838868}.Debug|Any CPU.Build.0 = Debug|Any CPU
		{EDE2F98F-B8A2-45B5-9700-33FBB0838868}.Debug|x64.ActiveCfg = Debug|Any CPU
		{EDE2F98F-B8A2-45B5-9700-33FBB0838868}.Debug|x64.Build.0 = Debug|Any CPU
		{EDE2F98F-B8A2-45B5-9700-33FBB0838868}.Debug|x86.ActiveCfg = Debug|Any CPU
		{EDE2F98F-B8A2-45B5-9700-33FBB0838868}.Debug|x86.Build.0 = Debug|Any CPU
		{EDE2F98F-B8A2-45B5-9700-33FBB0838868}.Release|Any CPU.ActiveCfg = Release|Any CPU
		{EDE2F98F-B8A2-45B5-9700-33FBB0838868}.Release|Any CPU.Build.0 = Release|Any CPU
		{EDE2F98F-B8A2-45B5-9700-33FBB0838868}.Release|x64.ActiveCfg = Release|Any CPU
		{EDE2F98F-B8A2-45B5-9700-33FBB0838868}.Release|x64.Build.0 = Release|Any CPU
		{EDE2F98F-B8A2-45B5-9700-33FBB0838868}.Release|x86.ActiveCfg = Release|Any CPU
		{EDE2F98F-B8A2-45B5-9700-33FBB0838868}.Release|x86.Build.0 = Release|Any CPU
		{6E74E67D-234D-48C2-A73C-69C5AB6DCA3B}.Debug|Any CPU.ActiveCfg = Debug|Any CPU
		{6E74E67D-234D-48C2-A73C-69C5AB6DCA3B}.Debug|Any CPU.Build.0 = Debug|Any CPU
		{6E74E67D-234D-48C2-A73C-69C5AB6DCA3B}.Debug|x64.ActiveCfg = Debug|Any CPU
		{6E74E67D-234D-48C2-A73C-69C5AB6DCA3B}.Debug|x64.Build.0 = Debug|Any CPU
		{6E74E67D-234D-48C2-A73C-69C5AB6DCA3B}.Debug|x86.ActiveCfg = Debug|Any CPU
		{6E74E67D-234D-48C2-A73C-69C5AB6DCA3B}.Debug|x86.Build.0 = Debug|Any CPU
		{6E74E67D-234D-48C2-A73C-69C5AB6DCA3B}.Release|Any CPU.ActiveCfg = Release|Any CPU
		{6E74E67D-234D-48C2-A73C-69C5AB6DCA3B}.Release|Any CPU.Build.0 = Release|Any CPU
		{6E74E67D-234D-48C2-A73C-69C5AB6DCA3B}.Release|x64.ActiveCfg = Release|Any CPU
		{6E74E67D-234D-48C2-A73C-69C5AB6DCA3B}.Release|x64.Build.0 = Release|Any CPU
		{6E74E67D-234D-48C2-A73C-69C5AB6DCA3B}.Release|x86.ActiveCfg = Release|Any CPU
		{6E74E67D-234D-48C2-A73C-69C5AB6DCA3B}.Release|x86.Build.0 = Release|Any CPU
	EndGlobalSection
	GlobalSection(SolutionProperties) = preSolution
		HideSolutionNode = FALSE
	EndGlobalSection
	GlobalSection(NestedProjects) = preSolution
		{0E1C5CA6-5543-4DE7-B3D9-03C1A504E939} = {827E0CD3-B72D-47B6-A68D-7590B98EB39B}
		{090A4F81-D6D6-408E-B348-1662ACA56BCE} = {827E0CD3-B72D-47B6-A68D-7590B98EB39B}
		{281E34A3-BD1F-4D3C-A562-6959DEB36C63} = {827E0CD3-B72D-47B6-A68D-7590B98EB39B}
		{ED0DA785-5972-46D8-A1E3-6B5E27F55833} = {827E0CD3-B72D-47B6-A68D-7590B98EB39B}
		{77928A43-A148-4742-AFFB-C72FA3856F02} = {0AB3BF05-4346-4AA6-1389-037BE0695223}
		{FAB4CA63-0945-4A89-A53F-FC54E47DBDFC} = {0AB3BF05-4346-4AA6-1389-037BE0695223}
		{6D1B7C7A-732D-496A-9DE2-2F56EB8C68D7} = {0AB3BF05-4346-4AA6-1389-037BE0695223}
		{042D66A3-8402-4D53-97F9-8A4BE7C2E71E} = {0AB3BF05-4346-4AA6-1389-037BE0695223}
		{EDE2F98F-B8A2-45B5-9700-33FBB0838868} = {0AB3BF05-4346-4AA6-1389-037BE0695223}
		{DCB6FCB8-FF92-AC57-0842-1F72A354D6B1} = {827E0CD3-B72D-47B6-A68D-7590B98EB39B}
		{6E74E67D-234D-48C2-A73C-69C5AB6DCA3B} = {DCB6FCB8-FF92-AC57-0842-1F72A354D6B1}
	EndGlobalSection
EndGlobal
